
Microsoft Visual Studio Solution File, Format Version 12.00
# Visual Studio 14
VisualStudioVersion = 14.0.25123.0
MinimumVisualStudioVersion = 10.0.40219.1
Project("{C2AE3146-4275-45F3-941D-7267273E4620}") = "Sitecore.Support.114846", "Sitecore.Support.114846\Sitecore.Support.114846.csproj", "{7807FCD9-4CCA-4956-A1E8-89AC2127D276}"
EndProject
Global
	GlobalSection(SolutionConfigurationPlatforms) = preSolution
		Debug|Any CPU = Debug|Any CPU
		Release|Any CPU = Release|Any CPU
	EndGlobalSection
	GlobalSection(ProjectConfigurationPlatforms) = postSolution
		{7807FCD9-4CCA-4956-A1E8-89AC2127D276}.Debug|Any CPU.ActiveCfg = Debug|Any CPU
		{7807FCD9-4CCA-4956-A1E8-89AC2127D276}.Debug|Any CPU.Build.0 = Debug|Any CPU
		{7807FCD9-4CCA-4956-A1E8-89AC2127D276}.Release|Any CPU.ActiveCfg = Release|Any CPU
		{7807FCD9-4CCA-4956-A1E8-89AC2127D276}.Release|Any CPU.Build.0 = Release|Any CPU
	EndGlobalSection
	GlobalSection(SolutionProperties) = preSolution
		HideSolutionNode = FALSE
	EndGlobalSection
EndGlobal
